
Microsoft Visual Studio Solution File, Format Version 12.00
# Visual Studio Version 16
VisualStudioVersion = 16.0.33927.289
MinimumVisualStudioVersion = 10.0.40219.1
Project("{FAE04EC0-301F-11D3-BF4B-00C04F79EFBC}") = "VocabularyExtension.ConsoleApp", "VocabularyExtension.Console\VocabularyExtension.ConsoleApp.csproj", "{3FC2362A-5A09-48B3-B82C-36F77329AC26}"
EndProject
Project("{FAE04EC0-301F-11D3-BF4B-00C04F79EFBC}") = "VocabularyExtension.Core", "VocabularyExtension.Core\VocabularyExtension.Core.csproj", "{4CDCD134-8333-499A-BB96-27E4DC4498B2}"
EndProject
Project("{FAE04EC0-301F-11D3-BF4B-00C04F79EFBC}") = "VocabularyExtension.Infrastructure", "VocabularyExtension.Infrastructure\VocabularyExtension.Infrastructure.csproj", "{DA809B40-75C1-4C6D-A9CE-57473492125D}"
EndProject
Global
	GlobalSection(SolutionConfigurationPlatforms) = preSolution
		Debug|Any CPU = Debug|Any CPU
		Release|Any CPU = Release|Any CPU
	EndGlobalSection
	GlobalSection(ProjectConfigurationPlatforms) = postSolution
		{3FC2362A-5A09-48B3-B82C-36F77329AC26}.Debug|Any CPU.ActiveCfg = Debug|Any CPU
		{3FC2362A-5A09-48B3-B82C-36F77329AC26}.Debug|Any CPU.Build.0 = Debug|Any CPU
		{3FC2362A-5A09-48B3-B82C-36F77329AC26}.Release|Any CPU.ActiveCfg = Release|Any CPU
		{3FC2362A-5A09-48B3-B82C-36F77329AC26}.Release|Any CPU.Build.0 = Release|Any CPU
		{4CDCD134-8333-499A-BB96-27E4DC4498B2}.Debug|Any CPU.ActiveCfg = Debug|Any CPU
		{4CDCD134-8333-499A-BB96-27E4DC4498B2}.Debug|Any CPU.Build.0 = Debug|Any CPU
		{4CDCD134-8333-499A-BB96-27E4DC4498B2}.Release|Any CPU.ActiveCfg = Release|Any CPU
		{4CDCD134-8333-499A-BB96-27E4DC4498B2}.Release|Any CPU.Build.0 = Release|Any CPU
		{DA809B40-75C1-4C6D-A9CE-57473492125D}.Debug|Any CPU.ActiveCfg = Debug|Any CPU
		{DA809B40-75C1-4C6D-A9CE-57473492125D}.Debug|Any CPU.Build.0 = Debug|Any CPU
		{DA809B40-75C1-4C6D-A9CE-57473492125D}.Release|Any CPU.ActiveCfg = Release|Any CPU
		{DA809B40-75C1-4C6D-A9CE-57473492125D}.Release|Any CPU.Build.0 = Release|Any CPU
	EndGlobalSection
	GlobalSection(SolutionProperties) = preSolution
		HideSolutionNode = FALSE
	EndGlobalSection
	GlobalSection(ExtensibilityGlobals) = postSolution
		SolutionGuid = {6006BE93-086D-43C3-A89C-B0D3E293B73E}
	EndGlobalSection
EndGlobal
